
Microsoft Visual Studio Solution File, Format Version 12.00
# Visual Studio Version 17
VisualStudioVersion = 17.6.33815.320
MinimumVisualStudioVersion = 10.0.40219.1
Project("{9A19103F-16F7-4668-BE54-9A1E7A4F7556}") = "01. First Project", "01. First Project\01. First Project.csproj", "{35A64CFC-DC06-4286-90E0-C3D72F3A8E7E}"
EndProject
Project("{9A19103F-16F7-4668-BE54-9A1E7A4F7556}") = "01. First Project (top level statement)", "01. First Project (top level statement)\01. First Project (top level statement).csproj", "{7FBC3EBA-9C0A-428E-AB81-05A88CEC7640}"
EndProject
Project("{2150E333-8FDC-42A3-9474-1A3956D46DE8}") = "Lesson 01", "Lesson 01", "{C20436DD-72FB-4E5F-BE76-3248F1E6A128}"
EndProject
Project("{2150E333-8FDC-42A3-9474-1A3956D46DE8}") = "Lesson 02", "Lesson 02", "{B4B256B3-EEBB-46C2-83AE-49E1CA3B81D3}"
EndProject
Project("{9A19103F-16F7-4668-BE54-9A1E7A4F7556}") = "Operators, if-else, switch, while, for", "Operators, if-else, switch, while, for\Operators, if-else, switch, while, for.csproj", "{908D2D92-E772-40BB-8DF5-2A3F37C63EDC}"
EndProject
Project("{9A19103F-16F7-4668-BE54-9A1E7A4F7556}") = "input data", "input data\input data.csproj", "{BDF862FC-201C-4FBF-A1D4-116A2A977DF3}"
EndProject
Project("{2150E333-8FDC-42A3-9474-1A3956D46DE8}") = "Lesson 03", "Lesson 03", "{32EFAC62-AF7A-43C3-8EC4-9EF879660F58}"
EndProject
Project("{9A19103F-16F7-4668-BE54-9A1E7A4F7556}") = "switch_case", "switch_case\switch_case.csproj", "{CDA0909E-B743-4986-B705-F6FC26E46AFE}"
EndProject
Project("{9A19103F-16F7-4668-BE54-9A1E7A4F7556}") = "Arrays_", "Arrays_\Arrays_.csproj", "{B48DAEAD-773F-45F3-9252-E88181DD5554}"
EndProject
Project("{9A19103F-16F7-4668-BE54-9A1E7A4F7556}") = "strings", "strings\strings.csproj", "{8BB443F4-4DC4-4732-B65F-E30CF20F6318}"
EndProject
Project("{2150E333-8FDC-42A3-9474-1A3956D46DE8}") = "Lesson 04", "Lesson 04", "{D941F72F-C13E-4E4F-878E-A2166DD16369}"
EndProject
Project("{9A19103F-16F7-4668-BE54-9A1E7A4F7556}") = "string_builders", "string_builders\string_builders.csproj", "{CB64746C-D59B-4BCC-B8CB-840D84CD326C}"
EndProject
Project("{9A19103F-16F7-4668-BE54-9A1E7A4F7556}") = "structs", "structs\structs.csproj", "{92E2932A-1AA0-4003-9A4F-0FE90F1D3A62}"
EndProject
Project("{9A19103F-16F7-4668-BE54-9A1E7A4F7556}") = "classes", "classes\classes.csproj", "{EE3B223B-E05C-4842-A95D-3A91DA1A28FA}"
EndProject
Project("{2150E333-8FDC-42A3-9474-1A3956D46DE8}") = "Lesson 05", "Lesson 05", "{BE98E60E-7E8B-4486-A641-015029494E21}"
EndProject
Project("{9A19103F-16F7-4668-BE54-9A1E7A4F7556}") = "ref_out", "ref_out\ref_out.csproj", "{B7B8A328-6650-47CE-B396-274E5F0CD54D}"
EndProject
Project("{9A19103F-16F7-4668-BE54-9A1E7A4F7556}") = "properties", "properties\properties.csproj", "{7A54A386-CE15-48BC-8E1D-8F7F86A68592}"
EndProject
Project("{9A19103F-16F7-4668-BE54-9A1E7A4F7556}") = "params_", "params_\params_.csproj", "{9C8F70A5-C4CD-444B-9D9D-D5971805822C}"
EndProject
Project("{9A19103F-16F7-4668-BE54-9A1E7A4F7556}") = "namespaces", "namespaces\namespaces.csproj", "{BB2C3350-4954-4E14-A1F5-8B310908EDEB}"
EndProject
Project("{2150E333-8FDC-42A3-9474-1A3956D46DE8}") = "Lesson 06", "Lesson 06", "{65C61EE1-DA30-4F15-80E0-710D888CF30E}"
EndProject
Project("{9A19103F-16F7-4668-BE54-9A1E7A4F7556}") = "Inheritance", "Inheritance\Inheritance.csproj", "{3063AD1B-EE44-4216-B76D-A9F0C69DCA08}"
EndProject
Project("{9A19103F-16F7-4668-BE54-9A1E7A4F7556}") = "Poymorphism", "Poymorphism\Poymorphism.csproj", "{6A5FA601-D2CA-4CD2-BEE0-074B06736689}"
EndProject
Project("{2150E333-8FDC-42A3-9474-1A3956D46DE8}") = "Lesson 07", "Lesson 07", "{F05D354D-5888-482B-BB89-586BA3112CE6}"
EndProject
Project("{9A19103F-16F7-4668-BE54-9A1E7A4F7556}") = "Operator Overloading", "Operator Overloading\Operator Overloading.csproj", "{AA5F072B-1664-48BB-BB2F-F69D845242C9}"
EndProject
Project("{9A19103F-16F7-4668-BE54-9A1E7A4F7556}") = "Typecasting overload", "Typecasting overload\Typecasting overload.csproj", "{65702A67-46E7-43E1-966F-7B6E7C793CE4}"
EndProject
Project("{2150E333-8FDC-42A3-9474-1A3956D46DE8}") = "Lesson 08", "Lesson 08", "{C8463B15-634C-4EC9-B95B-39B6F7A76806}"
EndProject
Project("{9A19103F-16F7-4668-BE54-9A1E7A4F7556}") = "Indexers", "Indexers\Indexers.csproj", "{8F4AD5FD-3C22-473E-9B9D-7CB99724E590}"
EndProject
Project("{9A19103F-16F7-4668-BE54-9A1E7A4F7556}") = "Abstract_classes", "Abstract_classes\Abstract_classes.csproj", "{463747AD-ECD3-4609-9C08-615E0A09C889}"
EndProject
Project("{9A19103F-16F7-4668-BE54-9A1E7A4F7556}") = "Interfaces_", "Interfaces_\Interfaces_.csproj", "{1B2A6BDF-6A4F-4500-95C5-0119CD348EFA}"
EndProject
Project("{2150E333-8FDC-42A3-9474-1A3956D46DE8}") = "Lesson 09", "Lesson 09", "{00F342AD-4887-4A03-9246-BBE4DE0D1226}"
EndProject
Project("{9A19103F-16F7-4668-BE54-9A1E7A4F7556}") = "Delegates_", "Delegates_\Delegates_.csproj", "{D30D6E10-162B-4970-A65B-C6EC66628337}"
EndProject
Project("{9A19103F-16F7-4668-BE54-9A1E7A4F7556}") = "Anonymous methods", "Anonymous methods\Anonymous methods.csproj", "{6FC72656-8CF0-4C3C-BDB3-BFE05BECE806}"
EndProject
Project("{9A19103F-16F7-4668-BE54-9A1E7A4F7556}") = "Lambda expressions", "Lambda expressions\Lambda expressions.csproj", "{580831E7-6E50-426D-BCB8-B5E66BE894C4}"
EndProject
Global
	GlobalSection(SolutionConfigurationPlatforms) = preSolution
		Debug|Any CPU = Debug|Any CPU
		Release|Any CPU = Release|Any CPU
	EndGlobalSection
	GlobalSection(ProjectConfigurationPlatforms) = postSolution
		{35A64CFC-DC06-4286-90E0-C3D72F3A8E7E}.Debug|Any CPU.ActiveCfg = Debug|Any CPU
		{35A64CFC-DC06-4286-90E0-C3D72F3A8E7E}.Debug|Any CPU.Build.0 = Debug|Any CPU
		{35A64CFC-DC06-4286-90E0-C3D72F3A8E7E}.Release|Any CPU.ActiveCfg = Release|Any CPU
		{35A64CFC-DC06-4286-90E0-C3D72F3A8E7E}.Release|Any CPU.Build.0 = Release|Any CPU
		{7FBC3EBA-9C0A-428E-AB81-05A88CEC7640}.Debug|Any CPU.ActiveCfg = Debug|Any CPU
		{7FBC3EBA-9C0A-428E-AB81-05A88CEC7640}.Debug|Any CPU.Build.0 = Debug|Any CPU
		{7FBC3EBA-9C0A-428E-AB81-05A88CEC7640}.Release|Any CPU.ActiveCfg = Release|Any CPU
		{7FBC3EBA-9C0A-428E-AB81-05A88CEC7640}.Release|Any CPU.Build.0 = Release|Any CPU
		{908D2D92-E772-40BB-8DF5-2A3F37C63EDC}.Debug|Any CPU.ActiveCfg = Debug|Any CPU
		{908D2D92-E772-40BB-8DF5-2A3F37C63EDC}.Debug|Any CPU.Build.0 = Debug|Any CPU
		{908D2D92-E772-40BB-8DF5-2A3F37C63EDC}.Release|Any CPU.ActiveCfg = Release|Any CPU
		{908D2D92-E772-40BB-8DF5-2A3F37C63EDC}.Release|Any CPU.Build.0 = Release|Any CPU
		{BDF862FC-201C-4FBF-A1D4-116A2A977DF3}.Debug|Any CPU.ActiveCfg = Debug|Any CPU
		{BDF862FC-201C-4FBF-A1D4-116A2A977DF3}.Debug|Any CPU.Build.0 = Debug|Any CPU
		{BDF862FC-201C-4FBF-A1D4-116A2A977DF3}.Release|Any CPU.ActiveCfg = Release|Any CPU
		{BDF862FC-201C-4FBF-A1D4-116A2A977DF3}.Release|Any CPU.Build.0 = Release|Any CPU
		{CDA0909E-B743-4986-B705-F6FC26E46AFE}.Debug|Any CPU.ActiveCfg = Debug|Any CPU
		{CDA0909E-B743-4986-B705-F6FC26E46AFE}.Debug|Any CPU.Build.0 = Debug|Any CPU
		{CDA0909E-B743-4986-B705-F6FC26E46AFE}.Release|Any CPU.ActiveCfg = Release|Any CPU
		{CDA0909E-B743-4986-B705-F6FC26E46AFE}.Release|Any CPU.Build.0 = Release|Any CPU
		{B48DAEAD-773F-45F3-9252-E88181DD5554}.Debug|Any CPU.ActiveCfg = Debug|Any CPU
		{B48DAEAD-773F-45F3-9252-E88181DD5554}.Debug|Any CPU.Build.0 = Debug|Any CPU
		{B48DAEAD-773F-45F3-9252-E88181DD5554}.Release|Any CPU.ActiveCfg = Release|Any CPU
		{B48DAEAD-773F-45F3-9252-E88181DD5554}.Release|Any CPU.Build.0 = Release|Any CPU
		{8BB443F4-4DC4-4732-B65F-E30CF20F6318}.Debug|Any CPU.ActiveCfg = Debug|Any CPU
		{8BB443F4-4DC4-4732-B65F-E30CF20F6318}.Debug|Any CPU.Build.0 = Debug|Any CPU
		{8BB443F4-4DC4-4732-B65F-E30CF20F6318}.Release|Any CPU.ActiveCfg = Release|Any CPU
		{8BB443F4-4DC4-4732-B65F-E30CF20F6318}.Release|Any CPU.Build.0 = Release|Any CPU
		{CB64746C-D59B-4BCC-B8CB-840D84CD326C}.Debug|Any CPU.ActiveCfg = Debug|Any CPU
		{CB64746C-D59B-4BCC-B8CB-840D84CD326C}.Debug|Any CPU.Build.0 = Debug|Any CPU
		{CB64746C-D59B-4BCC-B8CB-840D84CD326C}.Release|Any CPU.ActiveCfg = Release|Any CPU
		{CB64746C-D59B-4BCC-B8CB-840D84CD326C}.Release|Any CPU.Build.0 = Release|Any CPU
		{92E2932A-1AA0-4003-9A4F-0FE90F1D3A62}.Debug|Any CPU.ActiveCfg = Debug|Any CPU
		{92E2932A-1AA0-4003-9A4F-0FE90F1D3A62}.Debug|Any CPU.Build.0 = Debug|Any CPU
		{92E2932A-1AA0-4003-9A4F-0FE90F1D3A62}.Release|Any CPU.ActiveCfg = Release|Any CPU
		{92E2932A-1AA0-4003-9A4F-0FE90F1D3A62}.Release|Any CPU.Build.0 = Release|Any CPU
		{EE3B223B-E05C-4842-A95D-3A91DA1A28FA}.Debug|Any CPU.ActiveCfg = Debug|Any CPU
		{EE3B223B-E05C-4842-A95D-3A91DA1A28FA}.Debug|Any CPU.Build.0 = Debug|Any CPU
		{EE3B223B-E05C-4842-A95D-3A91DA1A28FA}.Release|Any CPU.ActiveCfg = Release|Any CPU
		{EE3B223B-E05C-4842-A95D-3A91DA1A28FA}.Release|Any CPU.Build.0 = Release|Any CPU
		{B7B8A328-6650-47CE-B396-274E5F0CD54D}.Debug|Any CPU.ActiveCfg = Debug|Any CPU
		{B7B8A328-6650-47CE-B396-274E5F0CD54D}.Debug|Any CPU.Build.0 = Debug|Any CPU
		{B7B8A328-6650-47CE-B396-274E5F0CD54D}.Release|Any CPU.ActiveCfg = Release|Any CPU
		{B7B8A328-6650-47CE-B396-274E5F0CD54D}.Release|Any CPU.Build.0 = Release|Any CPU
		{7A54A386-CE15-48BC-8E1D-8F7F86A68592}.Debug|Any CPU.ActiveCfg = Debug|Any CPU
		{7A54A386-CE15-48BC-8E1D-8F7F86A68592}.Debug|Any CPU.Build.0 = Debug|Any CPU
		{7A54A386-CE15-48BC-8E1D-8F7F86A68592}.Release|Any CPU.ActiveCfg = Release|Any CPU
		{7A54A386-CE15-48BC-8E1D-8F7F86A68592}.Release|Any CPU.Build.0 = Release|Any CPU
		{9C8F70A5-C4CD-444B-9D9D-D5971805822C}.Debug|Any CPU.ActiveCfg = Debug|Any CPU
		{9C8F70A5-C4CD-444B-9D9D-D5971805822C}.Debug|Any CPU.Build.0 = Debug|Any CPU
		{9C8F70A5-C4CD-444B-9D9D-D5971805822C}.Release|Any CPU.ActiveCfg = Release|Any CPU
		{9C8F70A5-C4CD-444B-9D9D-D5971805822C}.Release|Any CPU.Build.0 = Release|Any CPU
		{BB2C3350-4954-4E14-A1F5-8B310908EDEB}.Debug|Any CPU.ActiveCfg = Debug|Any CPU
		{BB2C3350-4954-4E14-A1F5-8B310908EDEB}.Debug|Any CPU.Build.0 = Debug|Any CPU
		{BB2C3350-4954-4E14-A1F5-8B310908EDEB}.Release|Any CPU.ActiveCfg = Release|Any CPU
		{BB2C3350-4954-4E14-A1F5-8B310908EDEB}.Release|Any CPU.Build.0 = Release|Any CPU
		{3063AD1B-EE44-4216-B76D-A9F0C69DCA08}.Debug|Any CPU.ActiveCfg = Debug|Any CPU
		{3063AD1B-EE44-4216-B76D-A9F0C69DCA08}.Debug|Any CPU.Build.0 = Debug|Any CPU
		{3063AD1B-EE44-4216-B76D-A9F0C69DCA08}.Release|Any CPU.ActiveCfg = Release|Any CPU
		{3063AD1B-EE44-4216-B76D-A9F0C69DCA08}.Release|Any CPU.Build.0 = Release|Any CPU
		{6A5FA601-D2CA-4CD2-BEE0-074B06736689}.Debug|Any CPU.ActiveCfg = Debug|Any CPU
		{6A5FA601-D2CA-4CD2-BEE0-074B06736689}.Debug|Any CPU.Build.0 = Debug|Any CPU
		{6A5FA601-D2CA-4CD2-BEE0-074B06736689}.Release|Any CPU.ActiveCfg = Release|Any CPU
		{6A5FA601-D2CA-4CD2-BEE0-074B06736689}.Release|Any CPU.Build.0 = Release|Any CPU
		{AA5F072B-1664-48BB-BB2F-F69D845242C9}.Debug|Any CPU.ActiveCfg = Debug|Any CPU
		{AA5F072B-1664-48BB-BB2F-F69D845242C9}.Debug|Any CPU.Build.0 = Debug|Any CPU
		{AA5F072B-1664-48BB-BB2F-F69D845242C9}.Release|Any CPU.ActiveCfg = Release|Any CPU
		{AA5F072B-1664-48BB-BB2F-F69D845242C9}.Release|Any CPU.Build.0 = Release|Any CPU
		{65702A67-46E7-43E1-966F-7B6E7C793CE4}.Debug|Any CPU.ActiveCfg = Debug|Any CPU
		{65702A67-46E7-43E1-966F-7B6E7C793CE4}.Debug|Any CPU.Build.0 = Debug|Any CPU
		{65702A67-46E7-43E1-966F-7B6E7C793CE4}.Release|Any CPU.ActiveCfg = Release|Any CPU
		{65702A67-46E7-43E1-966F-7B6E7C793CE4}.Release|Any CPU.Build.0 = Release|Any CPU
		{8F4AD5FD-3C22-473E-9B9D-7CB99724E590}.Debug|Any CPU.ActiveCfg = Debug|Any CPU
		{8F4AD5FD-3C22-473E-9B9D-7CB99724E590}.Debug|Any CPU.Build.0 = Debug|Any CPU
		{8F4AD5FD-3C22-473E-9B9D-7CB99724E590}.Release|Any CPU.ActiveCfg = Release|Any CPU
		{8F4AD5FD-3C22-473E-9B9D-7CB99724E590}.Release|Any CPU.Build.0 = Release|Any CPU
		{463747AD-ECD3-4609-9C08-615E0A09C889}.Debug|Any CPU.ActiveCfg = Debug|Any CPU
		{463747AD-ECD3-4609-9C08-615E0A09C889}.Debug|Any CPU.Build.0 = Debug|Any CPU
		{463747AD-ECD3-4609-9C08-615E0A09C889}.Release|Any CPU.ActiveCfg = Release|Any CPU
		{463747AD-ECD3-4609-9C08-615E0A09C889}.Release|Any CPU.Build.0 = Release|Any CPU
		{1B2A6BDF-6A4F-4500-95C5-0119CD348EFA}.Debug|Any CPU.ActiveCfg = Debug|Any CPU
		{1B2A6BDF-6A4F-4500-95C5-0119CD348EFA}.Debug|Any CPU.Build.0 = Debug|Any CPU
		{1B2A6BDF-6A4F-4500-95C5-0119CD348EFA}.Release|Any CPU.ActiveCfg = Release|Any CPU
		{1B2A6BDF-6A4F-4500-95C5-0119CD348EFA}.Release|Any CPU.Build.0 = Release|Any CPU
		{D30D6E10-162B-4970-A65B-C6EC66628337}.Debug|Any CPU.ActiveCfg = Debug|Any CPU
		{D30D6E10-162B-4970-A65B-C6EC66628337}.Debug|Any CPU.Build.0 = Debug|Any CPU
		{D30D6E10-162B-4970-A65B-C6EC66628337}.Release|Any CPU.ActiveCfg = Release|Any CPU
		{D30D6E10-162B-4970-A65B-C6EC66628337}.Release|Any CPU.Build.0 = Release|Any CPU
		{6FC72656-8CF0-4C3C-BDB3-BFE05BECE806}.Debug|Any CPU.ActiveCfg = Debug|Any CPU
		{6FC72656-8CF0-4C3C-BDB3-BFE05BECE806}.Debug|Any CPU.Build.0 = Debug|Any CPU
		{6FC72656-8CF0-4C3C-BDB3-BFE05BECE806}.Release|Any CPU.ActiveCfg = Release|Any CPU
		{6FC72656-8CF0-4C3C-BDB3-BFE05BECE806}.Release|Any CPU.Build.0 = Release|Any CPU
		{580831E7-6E50-426D-BCB8-B5E66BE894C4}.Debug|Any CPU.ActiveCfg = Debug|Any CPU
		{580831E7-6E50-426D-BCB8-B5E66BE894C4}.Debug|Any CPU.Build.0 = Debug|Any CPU
		{580831E7-6E50-426D-BCB8-B5E66BE894C4}.Release|Any CPU.ActiveCfg = Release|Any CPU
		{580831E7-6E50-426D-BCB8-B5E66BE894C4}.Release|Any CPU.Build.0 = Release|Any CPU
	EndGlobalSection
	GlobalSection(SolutionProperties) = preSolution
		HideSolutionNode = FALSE
	EndGlobalSection
	GlobalSection(NestedProjects) = preSolution
		{35A64CFC-DC06-4286-90E0-C3D72F3A8E7E} = {C20436DD-72FB-4E5F-BE76-3248F1E6A128}
		{7FBC3EBA-9C0A-428E-AB81-05A88CEC7640} = {C20436DD-72FB-4E5F-BE76-3248F1E6A128}
		{908D2D92-E772-40BB-8DF5-2A3F37C63EDC} = {B4B256B3-EEBB-46C2-83AE-49E1CA3B81D3}
		{BDF862FC-201C-4FBF-A1D4-116A2A977DF3} = {B4B256B3-EEBB-46C2-83AE-49E1CA3B81D3}
		{CDA0909E-B743-4986-B705-F6FC26E46AFE} = {32EFAC62-AF7A-43C3-8EC4-9EF879660F58}
		{B48DAEAD-773F-45F3-9252-E88181DD5554} = {32EFAC62-AF7A-43C3-8EC4-9EF879660F58}
		{8BB443F4-4DC4-4732-B65F-E30CF20F6318} = {32EFAC62-AF7A-43C3-8EC4-9EF879660F58}
		{CB64746C-D59B-4BCC-B8CB-840D84CD326C} = {D941F72F-C13E-4E4F-878E-A2166DD16369}
		{92E2932A-1AA0-4003-9A4F-0FE90F1D3A62} = {D941F72F-C13E-4E4F-878E-A2166DD16369}
		{EE3B223B-E05C-4842-A95D-3A91DA1A28FA} = {D941F72F-C13E-4E4F-878E-A2166DD16369}
		{B7B8A328-6650-47CE-B396-274E5F0CD54D} = {BE98E60E-7E8B-4486-A641-015029494E21}
		{7A54A386-CE15-48BC-8E1D-8F7F86A68592} = {BE98E60E-7E8B-4486-A641-015029494E21}
		{9C8F70A5-C4CD-444B-9D9D-D5971805822C} = {BE98E60E-7E8B-4486-A641-015029494E21}
		{BB2C3350-4954-4E14-A1F5-8B310908EDEB} = {BE98E60E-7E8B-4486-A641-015029494E21}
		{3063AD1B-EE44-4216-B76D-A9F0C69DCA08} = {65C61EE1-DA30-4F15-80E0-710D888CF30E}
		{6A5FA601-D2CA-4CD2-BEE0-074B06736689} = {65C61EE1-DA30-4F15-80E0-710D888CF30E}
		{AA5F072B-1664-48BB-BB2F-F69D845242C9} = {F05D354D-5888-482B-BB89-586BA3112CE6}
		{65702A67-46E7-43E1-966F-7B6E7C793CE4} = {F05D354D-5888-482B-BB89-586BA3112CE6}
		{8F4AD5FD-3C22-473E-9B9D-7CB99724E590} = {C8463B15-634C-4EC9-B95B-39B6F7A76806}
		{463747AD-ECD3-4609-9C08-615E0A09C889} = {C8463B15-634C-4EC9-B95B-39B6F7A76806}
		{1B2A6BDF-6A4F-4500-95C5-0119CD348EFA} = {C8463B15-634C-4EC9-B95B-39B6F7A76806}
		{D30D6E10-162B-4970-A65B-C6EC66628337} = {00F342AD-4887-4A03-9246-BBE4DE0D1226}
		{6FC72656-8CF0-4C3C-BDB3-BFE05BECE806} = {00F342AD-4887-4A03-9246-BBE4DE0D1226}
		{580831E7-6E50-426D-BCB8-B5E66BE894C4} = {00F342AD-4887-4A03-9246-BBE4DE0D1226}
	EndGlobalSection
	GlobalSection(ExtensibilityGlobals) = postSolution
		SolutionGuid = {7BA77B77-C408-43DC-9E73-B94FAF084A30}
	EndGlobalSection
EndGlobal
